
Microsoft Visual Studio Solution File, Format Version 12.00
# Visual Studio Version 17
VisualStudioVersion = 17.4.33205.214
MinimumVisualStudioVersion = 10.0.40219.1
Project("{FAE04EC0-301F-11D3-BF4B-00C04F79EFBC}") = "BlazorApp1", "BlazorApp1\BlazorApp1.csproj", "{BC81586F-B7FA-483F-982D-7722C0BCF458}"
EndProject
Global
	GlobalSection(SolutionConfigurationPlatforms) = preSolution
		Debug|Any CPU = Debug|Any CPU
		Release|Any CPU = Release|Any CPU
	EndGlobalSection
	GlobalSection(ProjectConfigurationPlatforms) = postSolution
		{BC81586F-B7FA-483F-982D-7722C0BCF458}.Debug|Any CPU.ActiveCfg = Debug|Any CPU
		{BC81586F-B7FA-483F-982D-7722C0BCF458}.Debug|Any CPU.Build.0 = Debug|Any CPU
		{BC81586F-B7FA-483F-982D-7722C0BCF458}.Release|Any CPU.ActiveCfg = Release|Any CPU
		{BC81586F-B7FA-483F-982D-7722C0BCF458}.Release|Any CPU.Build.0 = Release|Any CPU
	EndGlobalSection
	GlobalSection(SolutionProperties) = preSolution
		HideSolutionNode = FALSE
	EndGlobalSection
	GlobalSection(ExtensibilityGlobals) = postSolution
		SolutionGuid = {1DC23F26-560F-49E4-8703-0286AD045900}
	EndGlobalSection
EndGlobal
